
Microsoft Visual Studio Solution File, Format Version 12.00
# Visual Studio Version 17
VisualStudioVersion = 17.2.32630.192
MinimumVisualStudioVersion = 10.0.40219.1
Project("{9A19103F-16F7-4668-BE54-9A1E7A4F7556}") = "Entities", "Entity\Entities.csproj", "{3BD4FEF9-61D5-4167-99CB-A3A960D7D3D3}"
EndProject
Project("{2150E333-8FDC-42A3-9474-1A3956D46DE8}") = "Solution Items", "Solution Items", "{F22AEF05-D8F7-47CE-8F94-D2326858CC7D}"
	ProjectSection(SolutionItems) = preProject
		.editorconfig = .editorconfig
	EndProjectSection
EndProject
Project("{9A19103F-16F7-4668-BE54-9A1E7A4F7556}") = "Data", "Data\Data.csproj", "{EE52CFA3-103C-47BD-95B2-B4EA94F468AF}"
EndProject
Project("{9A19103F-16F7-4668-BE54-9A1E7A4F7556}") = "DBTest", "DBTest\DBTest.csproj", "{AF590BE9-CDAE-4C4A-BBD2-12389B102952}"
EndProject
Project("{FAE04EC0-301F-11D3-BF4B-00C04F79EFBC}") = "Domain", "Domain\Domain.csproj", "{6306D60D-B951-45AD-BA6F-BC7431CEBDE1}"
EndProject
Project("{FAE04EC0-301F-11D3-BF4B-00C04F79EFBC}") = "Services", "Services\Services.csproj", "{AB53599B-3496-4181-BA0F-AF4FE41B08EB}"
EndProject
Project("{FAE04EC0-301F-11D3-BF4B-00C04F79EFBC}") = "AnyDo", "AnyDo\AnyDo.csproj", "{520102B5-6589-4AD2-9132-FFDB2870E222}"
EndProject
Project("{FAE04EC0-301F-11D3-BF4B-00C04F79EFBC}") = "Mappers", "Mappers\Mappers.csproj", "{4B615DC7-76CF-40AC-AE08-514229D2D7BC}"
EndProject
Global
	GlobalSection(SolutionConfigurationPlatforms) = preSolution
		Debug|Any CPU = Debug|Any CPU
		Release|Any CPU = Release|Any CPU
	EndGlobalSection
	GlobalSection(ProjectConfigurationPlatforms) = postSolution
		{3BD4FEF9-61D5-4167-99CB-A3A960D7D3D3}.Debug|Any CPU.ActiveCfg = Debug|Any CPU
		{3BD4FEF9-61D5-4167-99CB-A3A960D7D3D3}.Debug|Any CPU.Build.0 = Debug|Any CPU
		{3BD4FEF9-61D5-4167-99CB-A3A960D7D3D3}.Release|Any CPU.ActiveCfg = Release|Any CPU
		{3BD4FEF9-61D5-4167-99CB-A3A960D7D3D3}.Release|Any CPU.Build.0 = Release|Any CPU
		{EE52CFA3-103C-47BD-95B2-B4EA94F468AF}.Debug|Any CPU.ActiveCfg = Debug|Any CPU
		{EE52CFA3-103C-47BD-95B2-B4EA94F468AF}.Debug|Any CPU.Build.0 = Debug|Any CPU
		{EE52CFA3-103C-47BD-95B2-B4EA94F468AF}.Release|Any CPU.ActiveCfg = Release|Any CPU
		{EE52CFA3-103C-47BD-95B2-B4EA94F468AF}.Release|Any CPU.Build.0 = Release|Any CPU
		{AF590BE9-CDAE-4C4A-BBD2-12389B102952}.Debug|Any CPU.ActiveCfg = Debug|Any CPU
		{AF590BE9-CDAE-4C4A-BBD2-12389B102952}.Debug|Any CPU.Build.0 = Debug|Any CPU
		{AF590BE9-CDAE-4C4A-BBD2-12389B102952}.Release|Any CPU.ActiveCfg = Release|Any CPU
		{AF590BE9-CDAE-4C4A-BBD2-12389B102952}.Release|Any CPU.Build.0 = Release|Any CPU
		{6306D60D-B951-45AD-BA6F-BC7431CEBDE1}.Debug|Any CPU.ActiveCfg = Debug|Any CPU
		{6306D60D-B951-45AD-BA6F-BC7431CEBDE1}.Debug|Any CPU.Build.0 = Debug|Any CPU
		{6306D60D-B951-45AD-BA6F-BC7431CEBDE1}.Release|Any CPU.ActiveCfg = Release|Any CPU
		{6306D60D-B951-45AD-BA6F-BC7431CEBDE1}.Release|Any CPU.Build.0 = Release|Any CPU
		{AB53599B-3496-4181-BA0F-AF4FE41B08EB}.Debug|Any CPU.ActiveCfg = Debug|Any CPU
		{AB53599B-3496-4181-BA0F-AF4FE41B08EB}.Debug|Any CPU.Build.0 = Debug|Any CPU
		{AB53599B-3496-4181-BA0F-AF4FE41B08EB}.Release|Any CPU.ActiveCfg = Release|Any CPU
		{AB53599B-3496-4181-BA0F-AF4FE41B08EB}.Release|Any CPU.Build.0 = Release|Any CPU
		{520102B5-6589-4AD2-9132-FFDB2870E222}.Debug|Any CPU.ActiveCfg = Debug|Any CPU
		{520102B5-6589-4AD2-9132-FFDB2870E222}.Debug|Any CPU.Build.0 = Debug|Any CPU
		{520102B5-6589-4AD2-9132-FFDB2870E222}.Release|Any CPU.ActiveCfg = Release|Any CPU
		{520102B5-6589-4AD2-9132-FFDB2870E222}.Release|Any CPU.Build.0 = Release|Any CPU
		{4B615DC7-76CF-40AC-AE08-514229D2D7BC}.Debug|Any CPU.ActiveCfg = Debug|Any CPU
		{4B615DC7-76CF-40AC-AE08-514229D2D7BC}.Debug|Any CPU.Build.0 = Debug|Any CPU
		{4B615DC7-76CF-40AC-AE08-514229D2D7BC}.Release|Any CPU.ActiveCfg = Release|Any CPU
		{4B615DC7-76CF-40AC-AE08-514229D2D7BC}.Release|Any CPU.Build.0 = Release|Any CPU
	EndGlobalSection
	GlobalSection(SolutionProperties) = preSolution
		HideSolutionNode = FALSE
	EndGlobalSection
	GlobalSection(ExtensibilityGlobals) = postSolution
		SolutionGuid = {A854A2E7-0903-400F-975D-4271EB51A97F}
	EndGlobalSection
EndGlobal
